
Microsoft Visual Studio Solution File, Format Version 12.00
# Visual Studio 15
VisualStudioVersion = 15.0.27130.2024
MinimumVisualStudioVersion = 10.0.40219.1
Project("{F184B08F-C81C-45F6-A57F-5ABD9991F28F}") = "EmbeddedBrowser Version1.20", "EmbeddedBrowser Version1.20\EmbeddedBrowser Version1.20.vbproj", "{99750C91-9146-4D8E-8887-371CF2426C95}"
EndProject
Global
	GlobalSection(SolutionConfigurationPlatforms) = preSolution
		Debug|x64 = Debug|x64
		Release|x64 = Release|x64
	EndGlobalSection
	GlobalSection(ProjectConfigurationPlatforms) = postSolution
		{99750C91-9146-4D8E-8887-371CF2426C95}.Debug|x64.ActiveCfg = Debug|x64
		{99750C91-9146-4D8E-8887-371CF2426C95}.Debug|x64.Build.0 = Debug|x64
		{99750C91-9146-4D8E-8887-371CF2426C95}.Release|x64.ActiveCfg = Debug|x64
		{99750C91-9146-4D8E-8887-371CF2426C95}.Release|x64.Build.0 = Debug|x64
	EndGlobalSection
	GlobalSection(SolutionProperties) = preSolution
		HideSolutionNode = FALSE
	EndGlobalSection
	GlobalSection(ExtensibilityGlobals) = postSolution
		SolutionGuid = {57BB46E3-A165-4561-B22A-A7BE537E44B3}
	EndGlobalSection
EndGlobal
